{
  "version": 4,
  "terraform_version": "1.10.3",
  "serial": 8,
  "lineage": "2fd602ba-daf1-eff3-f96d-b8e5b637fe8b",
  "outputs": {},
  "resources": [
    {
      "mode": "managed",
      "type": "aws_vpc",
      "name": "main",
      "provider": "provider[\"registry.terraform.io/hashicorp/aws\"]",
      "instances": [
        {
          "schema_version": 1,
          "attributes": {
            "arn": "arn:aws:ec2:us-east-1:242201272771:vpc/vpc-0a61515f1696a4d10",
            "assign_generated_ipv6_cidr_block": false,
            "cidr_block": "10.10.0.0/16",
            "default_network_acl_id": "acl-04b04247e8d2379e0",
            "default_route_table_id": "rtb-0901957d3dd78b17d",
            "default_security_group_id": "sg-0bcb936a8e53bb87d",
            "dhcp_options_id": "dopt-0af6389ff2a3fdb1b",
            "enable_dns_hostnames": false,
            "enable_dns_support": true,
            "enable_network_address_usage_metrics": false,
            "id": "vpc-0a61515f1696a4d10",
            "instance_tenancy": "default",
            "ipv4_ipam_pool_id": null,
            "ipv4_netmask_length": null,
            "ipv6_association_id": "",
            "ipv6_cidr_block": "",
            "ipv6_cidr_block_network_border_group": "",
            "ipv6_ipam_pool_id": "",
            "ipv6_netmask_length": 0,
            "main_route_table_id": "rtb-0901957d3dd78b17d",
            "owner_id": "242201272771",
            "tags": {
              "Name": "hello-tf"
            },
            "tags_all": {
              "Name": "hello-tf"
            }
          },
          "sensitive_attributes": [],
          "private": "eyJzY2hlbWFfdmVyc2lvbiI6IjEifQ=="
        }
      ]
    }
  ],
  "check_results": null
}
